PODS:
  - Masonry (1.1.0)
  - MJExtension (3.3.0)
  - RTRootNavigationController (0.8.0):
    - RTRootNavigationController/Core (= 0.8.0)
  - RTRootNavigationController/Core (0.8.0)
  - TransnBase (0.2.9):
    - Masonry
    - MJExtension (~> 3.3.0)
    - RTRootNavigationController (~> 0.8.0)
    - TransnBase/TRPresentationController (= 0.2.9)
  - TransnBase/TRPresentationController (0.2.9):
    - Masonry
    - MJExtension (~> 3.3.0)
    - RTRootNavigationController (~> 0.8.0)

DEPENDENCIES:
  - TransnBase (from `../`)

SPEC REPOS:
  https://github.com/CocoaPods/Specs.git:
    - Masonry
    - MJExtension
    - RTRootNavigationController

EXTERNAL SOURCES:
  TransnBase:
    :path: "../"

SPEC CHECKSUMS:
  Masonry: 678fab65091a9290e40e2832a55e7ab731aad201
  MJExtension: 01704cca2b60a214c10761b6491eab74069d68a9
  RTRootNavigationController: 36c6301870f0467f89d69f4286795340b537d473
  TransnBase: eeb861b2c5d7001491c00292e89ba121513c92ba

PODFILE CHECKSUM: f342446578a3a82d350fbfc02eac53a3ed39c96e

COCOAPODS: 1.11.2
